
Microsoft Visual Studio Solution File, Format Version 12.00
# Visual Studio Version 17
VisualStudioVersion = 17.3.32811.315
MinimumVisualStudioVersion = 10.0.40219.1
Project("{FAE04EC0-301F-11D3-BF4B-00C04F79EFBC}") = "TransporteG2", "TransporteG2.csproj", "{3493B1DD-77DF-4781-9DB2-02582A1DE683}"
EndProject
Global
	GlobalSection(SolutionConfigurationPlatforms) = preSolution
		Debug|Any CPU = Debug|Any CPU
		Release|Any CPU = Release|Any CPU
	EndGlobalSection
	GlobalSection(ProjectConfigurationPlatforms) = postSolution
		{3493B1DD-77DF-4781-9DB2-02582A1DE683}.Debug|Any CPU.ActiveCfg = Debug|Any CPU
		{3493B1DD-77DF-4781-9DB2-02582A1DE683}.Debug|Any CPU.Build.0 = Debug|Any CPU
		{3493B1DD-77DF-4781-9DB2-02582A1DE683}.Release|Any CPU.ActiveCfg = Release|Any CPU
		{3493B1DD-77DF-4781-9DB2-02582A1DE683}.Release|Any CPU.Build.0 = Release|Any CPU
	EndGlobalSection
	GlobalSection(SolutionProperties) = preSolution
		HideSolutionNode = FALSE
	EndGlobalSection
	GlobalSection(ExtensibilityGlobals) = postSolution
		SolutionGuid = {38789D71-9634-417A-AB37-32E814EF50CC}
	EndGlobalSection
EndGlobal
